
Microsoft Visual Studio Solution File, Format Version 12.00
# Visual Studio Version 16
VisualStudioVersion = 16.0.33920.266
MinimumVisualStudioVersion = 10.0.40219.1
Project("{FAE04EC0-301F-11D3-BF4B-00C04F79EFBC}") = "Inward Outward", "Inward Outward\Inward Outward.csproj", "{33BB1A22-877D-4256-8748-6C643A1F5BA0}"
EndProject
Global
	GlobalSection(SolutionConfigurationPlatforms) = preSolution
		Debug|Any CPU = Debug|Any CPU
		Release|Any CPU = Release|Any CPU
	EndGlobalSection
	GlobalSection(ProjectConfigurationPlatforms) = postSolution
		{33BB1A22-877D-4256-8748-6C643A1F5BA0}.Debug|Any CPU.ActiveCfg = Debug|Any CPU
		{33BB1A22-877D-4256-8748-6C643A1F5BA0}.Debug|Any CPU.Build.0 = Debug|Any CPU
		{33BB1A22-877D-4256-8748-6C643A1F5BA0}.Release|Any CPU.ActiveCfg = Release|Any CPU
		{33BB1A22-877D-4256-8748-6C643A1F5BA0}.Release|Any CPU.Build.0 = Release|Any CPU
	EndGlobalSection
	GlobalSection(SolutionProperties) = preSolution
		HideSolutionNode = FALSE
	EndGlobalSection
	GlobalSection(ExtensibilityGlobals) = postSolution
		SolutionGuid = {B5BAE2C9-0747-4253-8CC9-B2DCFCD15DC9}
	EndGlobalSection
EndGlobal
